
Microsoft Visual Studio Solution File, Format Version 12.00
# Visual Studio Version 16
VisualStudioVersion = 16.0.32126.315
MinimumVisualStudioVersion = 10.0.40219.1
Project("{FAE04EC0-301F-11D3-BF4B-00C04F79EFBC}") = "WebSurViewer", "WebSurViewer.csproj", "{D4503E51-2E37-4831-9ADF-7597CFC278A6}"
EndProject
Global
	GlobalSection(SolutionConfigurationPlatforms) = preSolution
		Debug|Any CPU = Debug|Any CPU
		Release|Any CPU = Release|Any CPU
	EndGlobalSection
	GlobalSection(ProjectConfigurationPlatforms) = postSolution
		{D4503E51-2E37-4831-9ADF-7597CFC278A6}.Debug|Any CPU.ActiveCfg = Debug|Any CPU
		{D4503E51-2E37-4831-9ADF-7597CFC278A6}.Debug|Any CPU.Build.0 = Debug|Any CPU
		{D4503E51-2E37-4831-9ADF-7597CFC278A6}.Release|Any CPU.ActiveCfg = Release|Any CPU
		{D4503E51-2E37-4831-9ADF-7597CFC278A6}.Release|Any CPU.Build.0 = Release|Any CPU
	EndGlobalSection
	GlobalSection(SolutionProperties) = preSolution
		HideSolutionNode = FALSE
	EndGlobalSection
	GlobalSection(ExtensibilityGlobals) = postSolution
		SolutionGuid = {FE370C69-3E0B-4131-BD8F-31CDDD306AE1}
	EndGlobalSection
EndGlobal
